
Microsoft Visual Studio Solution File, Format Version 12.00
# Visual Studio Version 17
VisualStudioVersion = 17.13.35919.96 d17.13
MinimumVisualStudioVersion = 10.0.40219.1
Project("{FAE04EC0-301F-11D3-BF4B-00C04F79EFBC}") = "02_Variables", "02_Variables.csproj", "{45669A6E-746F-4DE6-B43F-E87133F59589}"
EndProject
Global
	GlobalSection(SolutionConfigurationPlatforms) = preSolution
		Debug|Any CPU = Debug|Any CPU
		Release|Any CPU = Release|Any CPU
	EndGlobalSection
	GlobalSection(ProjectConfigurationPlatforms) = postSolution
		{45669A6E-746F-4DE6-B43F-E87133F59589}.Debug|Any CPU.ActiveCfg = Debug|Any CPU
		{45669A6E-746F-4DE6-B43F-E87133F59589}.Debug|Any CPU.Build.0 = Debug|Any CPU
		{45669A6E-746F-4DE6-B43F-E87133F59589}.Release|Any CPU.ActiveCfg = Release|Any CPU
		{45669A6E-746F-4DE6-B43F-E87133F59589}.Release|Any CPU.Build.0 = Release|Any CPU
	EndGlobalSection
	GlobalSection(SolutionProperties) = preSolution
		HideSolutionNode = FALSE
	EndGlobalSection
	GlobalSection(ExtensibilityGlobals) = postSolution
		SolutionGuid = {0D37A8AE-1C1F-4958-888A-5A4121CB675A}
	EndGlobalSection
EndGlobal
